{
  "nodes": {
    "bnuystore": {
      "inputs": {
        "flake-utils": "flake-utils",
        "nixpkgs": "nixpkgs",
        "rust-overlay": "rust-overlay"
      },
      "locked": {
        "lastModified": 1734811085,
        "narHash": "sha256-WZ/r8J7kxl/6C1p4ATlOI1ltSewkqP1npb+MmGga7fY=",
        "owner": "xeniagda",
        "repo": "bnuystore",
        "rev": "1dbdd4d35bfc0aebb1b9095c263636017d4d2c4c",
        "type": "github"
      },
      "original": {
        "owner": "xeniagda",
        "repo": "bnuystore",
        "type": "github"
      }
    },
    "eink-cal": {
      "inputs": {
        "esp-idf": "esp-idf",
        "flake-utils": "flake-utils_2",
        "nixpkgs": "nixpkgs_2"
      },
      "locked": {
        "lastModified": 1745448604,
        "narHash": "sha256-39hicUd+NRswKvO2qg+zRzSiYSrSDqLy4TWligNM2lI=",
        "owner": "xeniagda",
        "repo": "eink-cal",
        "rev": "f1eccc17c1bc30f19d381aed94dab9368df28bb1",
        "type": "github"
      },
      "original": {
        "owner": "xeniagda",
        "repo": "eink-cal",
        "type": "github"
      }
    },
    "esp-idf": {
      "inputs": {
        "flake-utils": [
          "eink-cal",
          "flake-utils"
        ],
        "nixpkgs": [
          "eink-cal",
          "nixpkgs"
        ]
      },
      "locked": {
        "lastModified": 1738140586,
        "narHash": "sha256-Vn4PD4eH18QklgDY1vnjXJqNPmP3SJNejcBroW0yTTA=",
        "owner": "mirrexagon",
        "repo": "nixpkgs-esp-dev",
        "rev": "29517b39abe729e04118bf77af526f9947f6c476",
        "type": "github"
      },
      "original": {
        "owner": "mirrexagon",
        "repo": "nixpkgs-esp-dev",
        "type": "github"
      }
    },
    "flake-utils": {
      "inputs": {
        "systems": "systems"
      },
      "locked": {
        "lastModified": 1710146030,
        "narHash": "sha256-SZ5L6eA7HJ/nmkzGG7/ISclqe6oZdOZTNoesiInkXPQ=",
        "owner": "numtide",
        "repo": "flake-utils",
        "rev": "b1d9ab70662946ef0850d488da1c9019f3a9752a",
        "type": "github"
      },
      "original": {
        "owner": "numtide",
        "repo": "flake-utils",
        "type": "github"
      }
    },
    "flake-utils_2": {
      "inputs": {
        "systems": "systems_2"
      },
      "locked": {
        "lastModified": 1731533236,
        "narHash": "sha256-l0KFg5HjrsfsO/JpG+r7fRrqm12kzFHyUHqHCVpMMbI=",
        "owner": "numtide",
        "repo": "flake-utils",
        "rev": "11707dc2f618dd54ca8739b309ec4fc024de578b",
        "type": "github"
      },
      "original": {
        "owner": "numtide",
        "repo": "flake-utils",
        "type": "github"
      }
    },
    "nixpkgs": {
      "locked": {
        "lastModified": 1726062281,
        "narHash": "sha256-PyFVySdGj3enKqm8RQuo4v1KLJLmNLOq2yYOHsI6e2Q=",
        "owner": "nixos",
        "repo": "nixpkgs",
        "rev": "e65aa8301ba4f0ab8cb98f944c14aa9da07394f8",
        "type": "github"
      },
      "original": {
        "id": "nixpkgs",
        "type": "indirect"
      }
    },
    "nixpkgs_2": {
      "locked": {
        "lastModified": 1738142207,
        "narHash": "sha256-NGqpVVxNAHwIicXpgaVqJEJWeyqzoQJ9oc8lnK9+WC4=",
        "owner": "nixos",
        "repo": "nixpkgs",
        "rev": "9d3ae807ebd2981d593cddd0080856873139aa40",
        "type": "github"
      },
      "original": {
        "id": "nixpkgs",
        "type": "indirect"
      }
    },
    "nixpkgs_3": {
      "locked": {
        "lastModified": 1734600368,
        "narHash": "sha256-nbG9TijTMcfr+au7ZVbKpAhMJzzE2nQBYmRvSdXUD8g=",
        "owner": "nixos",
        "repo": "nixpkgs",
        "rev": "b47fd6fa00c6afca88b8ee46cfdb00e104f50bca",
        "type": "github"
      },
      "original": {
        "owner": "nixos",
        "ref": "nixos-24.11",
        "repo": "nixpkgs",
        "type": "github"
      }
    },
    "root": {
      "inputs": {
        "bnuystore": "bnuystore",
        "eink-cal": "eink-cal",
        "nixpkgs": "nixpkgs_3"
      }
    },
    "rust-overlay": {
      "inputs": {
        "nixpkgs": [
          "bnuystore",
          "nixpkgs"
        ]
      },
      "locked": {
        "lastModified": 1728613723,
        "narHash": "sha256-zVVj0PKguM8ZMdLE43YW7dzer3tl9e6i5Qs1fr878+c=",
        "owner": "oxalica",
        "repo": "rust-overlay",
        "rev": "ca93f28abd2147dd9997261dcaeacc5a30dba463",
        "type": "github"
      },
      "original": {
        "owner": "oxalica",
        "repo": "rust-overlay",
        "type": "github"
      }
    },
    "systems": {
      "locked": {
        "lastModified": 1681028828,
        "narHash": "sha256-Vy1rq5AaRuLzOxct8nz4T6wlgyUR7zLU309k9mBC768=",
        "owner": "nix-systems",
        "repo": "default",
        "rev": "da67096a3b9bf56a91d16901293e51ba5b49a27e",
        "type": "github"
      },
      "original": {
        "owner": "nix-systems",
        "repo": "default",
        "type": "github"
      }
    },
    "systems_2": {
      "locked": {
        "lastModified": 1681028828,
        "narHash": "sha256-Vy1rq5AaRuLzOxct8nz4T6wlgyUR7zLU309k9mBC768=",
        "owner": "nix-systems",
        "repo": "default",
        "rev": "da67096a3b9bf56a91d16901293e51ba5b49a27e",
        "type": "github"
      },
      "original": {
        "owner": "nix-systems",
        "repo": "default",
        "type": "github"
      }
    }
  },
  "root": "root",
  "version": 7
}
